version = 1
revision = 2
requires-python = ">=3.12"

[[package]]
name = "black"
version = "25.1.0"
source = { registry = "https://pypi.org/simple" }
dependencies = [
    { name = "click" },
    { name = "mypy-extensions" },
    { name = "packaging" },
    { name = "pathspec" },
    { name = "platformdirs" },
]
sdist = { url = "https://files.pythonhosted.org/packages/94/49/26a7b0f3f35da4b5a65f081943b7bcd22d7002f5f0fb8098ec1ff21cb6ef/black-25.1.0.tar.gz", hash = "sha256:33496d5cd1222ad73391352b4ae8da15253c5de89b93a80b3e2c8d9a19ec2666", size = 649449, upload-time = "2025-01-29T04:15:40.373Z" }
wheels = [
    { url = "https://files.pythonhosted.org/packages/83/71/3fe4741df7adf015ad8dfa082dd36c94ca86bb21f25608eb247b4afb15b2/black-25.1.0-cp312-cp312-macosx_10_13_x86_64.whl", hash = "sha256:4b60580e829091e6f9238c848ea6750efed72140b91b048770b64e74fe04908b", size = 1650988, upload-time = "2025-01-29T05:37:16.707Z" },
    { url = "https://files.pythonhosted.org/packages/13/f3/89aac8a83d73937ccd39bbe8fc6ac8860c11cfa0af5b1c96d081facac844/black-25.1.0-cp312-cp312-macosx_11_0_arm64.whl", hash = "sha256:1e2978f6df243b155ef5fa7e558a43037c3079093ed5d10fd84c43900f2d8ecc", size = 1453985, upload-time = "2025-01-29T05:37:18.273Z" },
    { url = "https://files.pythonhosted.org/packages/6f/22/b99efca33f1f3a1d2552c714b1e1b5ae92efac6c43e790ad539a163d1754/black-25.1.0-cp312-cp312-manylinux_2_17_x86_64.manylinux2014_x86_64.manylinux_2_28_x86_64.whl", hash = "sha256:3b48735872ec535027d979e8dcb20bf4f70b5ac75a8ea99f127c106a7d7aba9f", size = 1783816, upload-time = "2025-01-29T04:18:33.823Z" },
    { url = "https://files.pythonhosted.org/packages/18/7e/a27c3ad3822b6f2e0e00d63d58ff6299a99a5b3aee69fa77cd4b0076b261/black-25.1.0-cp312-cp312-win_amd64.whl", hash = "sha256:ea0213189960bda9cf99be5b8c8ce66bb054af5e9e861249cd23471bd7b0b3ba", size = 1440860, upload-time = "2025-01-29T04:19:12.944Z" },
    { url = "https://files.pythonhosted.org/packages/98/87/0edf98916640efa5d0696e1abb0a8357b52e69e82322628f25bf14d263d1/black-25.1.0-cp313-cp313-macosx_10_13_x86_64.whl", hash = "sha256:8f0b18a02996a836cc9c9c78e5babec10930862827b1b724ddfe98ccf2f2fe4f", size = 1650673, upload-time = "2025-01-29T05:37:20.574Z" },
    { url = "https://files.pythonhosted.org/packages/52/e5/f7bf17207cf87fa6e9b676576749c6b6ed0d70f179a3d812c997870291c3/black-25.1.0-cp313-cp313-macosx_11_0_arm64.whl", hash = "sha256:afebb7098bfbc70037a053b91ae8437c3857482d3a690fefc03e9ff7aa9a5fd3", size = 1453190, upload-time = "2025-01-29T05:37:22.106Z" },
    { url = "https://files.pythonhosted.org/packages/e3/ee/adda3d46d4a9120772fae6de454c8495603c37c4c3b9c60f25b1ab6401fe/black-25.1.0-cp313-cp313-manylinux_2_17_x86_64.manylinux2014_x86_64.manylinux_2_28_x86_64.whl", hash = "sha256:030b9759066a4ee5e5aca28c3c77f9c64789cdd4de8ac1df642c40b708be6171", size = 1782926, upload-time = "2025-01-29T04:18:58.564Z" },
    { url = "https://files.pythonhosted.org/packages/cc/64/94eb5f45dcb997d2082f097a3944cfc7fe87e071907f677e80788a2d7b7a/black-25.1.0-cp313-cp313-win_amd64.whl", hash = "sha256:a22f402b410566e2d1c950708c77ebf5ebd5d0d88a6a2e87c86d9fb48afa0d18", size = 1442613, upload-time = "2025-01-29T04:19:27.63Z" },
    { url = "https://files.pythonhosted.org/packages/09/71/54e999902aed72baf26bca0d50781b01838251a462612966e9fc4891eadd/black-25.1.0-py3-none-any.whl", hash = "sha256:95e8176dae143ba9097f351d174fdaf0ccd29efb414b362ae3fd72bf0f710717", size = 207646, upload-time = "2025-01-29T04:15:38.082Z" },
]

[[package]]
name = "click"
version = "8.2.1"
source = { registry = "https://pypi.org/simple" }
dependencies = [
    { name = "colorama", marker = "sys_platform == 'win32'" },
]
sdist = { url = "https://files.pythonhosted.org/packages/60/6c/8ca2efa64cf75a977a0d7fac081354553ebe483345c734fb6b6515d96bbc/click-8.2.1.tar.gz", hash = "sha256:27c491cc05d968d271d5a1db13e3b5a184636d9d930f148c50b038f0d0646202", size = 286342, upload-time = "2025-05-20T23:19:49.832Z" }
wheels = [
    { url = "https://files.pythonhosted.org/packages/85/32/10bb5764d90a8eee674e9dc6f4db6a0ab47c8c4d0d83c27f7c39ac415a4d/click-8.2.1-py3-none-any.whl", hash = "sha256:61a3265b914e850b85317d0b3109c7f8cd35a670f963866005d6ef1d5175a12b", size = 102215, upload-time = "2025-05-20T23:19:47.796Z" },
]

[[package]]
name = "code-index"
version = "0.1.0"
source = { virtual = "." }
dependencies = [
    { name = "tree-sitter" },
    { name = "tree-sitter-language-pack" },
]

[package.optional-dependencies]
dev = [
    { name = "black" },
]
test = [
    { name = "pytest" },
]

[package.metadata]
requires-dist = [
    { name = "black", marker = "extra == 'dev'", specifier = ">=25.1.0" },
    { name = "pytest", marker = "extra == 'test'" },
    { name = "tree-sitter", specifier = "==0.25.0" },
    { name = "tree-sitter-language-pack", specifier = "==0.9.0" },
]
provides-extras = ["test", "dev"]

[[package]]
name = "colorama"
version = "0.4.6"
source = { registry = "https://pypi.org/simple" }
sdist = { url = "https://files.pythonhosted.org/packages/d8/53/6f443c9a4a8358a93a6792e2acffb9d9d5cb0a5cfd8802644b7b1c9a02e4/colorama-0.4.6.tar.gz", hash = "sha256:08695f5cb7ed6e0531a20572697297273c47b8cae5a63ffc6d6ed5c201be6e44", size = 27697, upload-time = "2022-10-25T02:36:22.414Z" }
wheels = [
    { url = "https://files.pythonhosted.org/packages/d1/d6/3965ed04c63042e047cb6a3e6ed1a63a35087b6a609aa3a15ed8ac56c221/colorama-0.4.6-py2.py3-none-any.whl", hash = "sha256:4f1d9991f5acc0ca119f9d443620b77f9d6b33703e51011c16baf57afb285fc6", size = 25335, upload-time = "2022-10-25T02:36:20.889Z" },
]

[[package]]
name = "iniconfig"
version = "2.1.0"
source = { registry = "https://pypi.org/simple" }
sdist = { url = "https://files.pythonhosted.org/packages/f2/97/ebf4da567aa6827c909642694d71c9fcf53e5b504f2d96afea02718862f3/iniconfig-2.1.0.tar.gz", hash = "sha256:3abbd2e30b36733fee78f9c7f7308f2d0050e88f0087fd25c2645f63c773e1c7", size = 4793, upload-time = "2025-03-19T20:09:59.721Z" }
wheels = [
    { url = "https://files.pythonhosted.org/packages/2c/e1/e6716421ea10d38022b952c159d5161ca1193197fb744506875fbb87ea7b/iniconfig-2.1.0-py3-none-any.whl", hash = "sha256:9deba5723312380e77435581c6bf4935c94cbfab9b1ed33ef8d238ea168eb760", size = 6050, upload-time = "2025-03-19T20:10:01.071Z" },
]

[[package]]
name = "mypy-extensions"
version = "1.1.0"
source = { registry = "https://pypi.org/simple" }
sdist = { url = "https://files.pythonhosted.org/packages/a2/6e/371856a3fb9d31ca8dac321cda606860fa4548858c0cc45d9d1d4ca2628b/mypy_extensions-1.1.0.tar.gz", hash = "sha256:52e68efc3284861e772bbcd66823fde5ae21fd2fdb51c62a211403730b916558", size = 6343, upload-time = "2025-04-22T14:54:24.164Z" }
wheels = [
    { url = "https://files.pythonhosted.org/packages/79/7b/2c79738432f5c924bef5071f933bcc9efd0473bac3b4aa584a6f7c1c8df8/mypy_extensions-1.1.0-py3-none-any.whl", hash = "sha256:1be4cccdb0f2482337c4743e60421de3a356cd97508abadd57d47403e94f5505", size = 4963, upload-time = "2025-04-22T14:54:22.983Z" },
]

[[package]]
name = "packaging"
version = "25.0"
source = { registry = "https://pypi.org/simple" }
sdist = { url = "https://files.pythonhosted.org/packages/a1/d4/1fc4078c65507b51b96ca8f8c3ba19e6a61c8253c72794544580a7b6c24d/packaging-25.0.tar.gz", hash = "sha256:d443872c98d677bf60f6a1f2f8c1cb748e8fe762d2bf9d3148b5599295b0fc4f", size = 165727, upload-time = "2025-04-19T11:48:59.673Z" }
wheels = [
    { url = "https://files.pythonhosted.org/packages/20/12/38679034af332785aac8774540895e234f4d07f7545804097de4b666afd8/packaging-25.0-py3-none-any.whl", hash = "sha256:29572ef2b1f17581046b3a2227d5c611fb25ec70ca1ba8554b24b0e69331a484", size = 66469, upload-time = "2025-04-19T11:48:57.875Z" },
]

[[package]]
name = "pathspec"
version = "0.12.1"
source = { registry = "https://pypi.org/simple" }
sdist = { url = "https://files.pythonhosted.org/packages/ca/bc/f35b8446f4531a7cb215605d100cd88b7ac6f44ab3fc94870c120ab3adbf/pathspec-0.12.1.tar.gz", hash = "sha256:a482d51503a1ab33b1c67a6c3813a26953dbdc71c31dacaef9a838c4e29f5712", size = 51043, upload-time = "2023-12-10T22:30:45Z" }
wheels = [
    { url = "https://files.pythonhosted.org/packages/cc/20/ff623b09d963f88bfde16306a54e12ee5ea43e9b597108672ff3a408aad6/pathspec-0.12.1-py3-none-any.whl", hash = "sha256:a0d503e138a4c123b27490a4f7beda6a01c6f288df0e4a8b79c7eb0dc7b4cc08", size = 31191, upload-time = "2023-12-10T22:30:43.14Z" },
]

[[package]]
name = "platformdirs"
version = "4.3.8"
source = { registry = "https://pypi.org/simple" }
sdist = { url = "https://files.pythonhosted.org/packages/fe/8b/3c73abc9c759ecd3f1f7ceff6685840859e8070c4d947c93fae71f6a0bf2/platformdirs-4.3.8.tar.gz", hash = "sha256:3d512d96e16bcb959a814c9f348431070822a6496326a4be0911c40b5a74c2bc", size = 21362, upload-time = "2025-05-07T22:47:42.121Z" }
wheels = [
    { url = "https://files.pythonhosted.org/packages/fe/39/979e8e21520d4e47a0bbe349e2713c0aac6f3d853d0e5b34d76206c439aa/platformdirs-4.3.8-py3-none-any.whl", hash = "sha256:ff7059bb7eb1179e2685604f4aaf157cfd9535242bd23742eadc3c13542139b4", size = 18567, upload-time = "2025-05-07T22:47:40.376Z" },
]

[[package]]
name = "pluggy"
version = "1.6.0"
source = { registry = "https://pypi.org/simple" }
sdist = { url = "https://files.pythonhosted.org/packages/f9/e2/3e91f31a7d2b083fe6ef3fa267035b518369d9511ffab804f839851d2779/pluggy-1.6.0.tar.gz", hash = "sha256:7dcc130b76258d33b90f61b658791dede3486c3e6bfb003ee5c9bfb396dd22f3", size = 69412, upload-time = "2025-05-15T12:30:07.975Z" }
wheels = [
    { url = "https://files.pythonhosted.org/packages/54/20/4d324d65cc6d9205fabedc306948156824eb9f0ee1633355a8f7ec5c66bf/pluggy-1.6.0-py3-none-any.whl", hash = "sha256:e920276dd6813095e9377c0bc5566d94c932c33b27a3e3945d8389c374dd4746", size = 20538, upload-time = "2025-05-15T12:30:06.134Z" },
]

[[package]]
name = "pygments"
version = "2.19.2"
source = { registry = "https://pypi.org/simple" }
sdist = { url = "https://files.pythonhosted.org/packages/b0/77/a5b8c569bf593b0140bde72ea885a803b82086995367bf2037de0159d924/pygments-2.19.2.tar.gz", hash = "sha256:636cb2477cec7f8952536970bc533bc43743542f70392ae026374600add5b887", size = 4968631, upload-time = "2025-06-21T13:39:12.283Z" }
wheels = [
    { url = "https://files.pythonhosted.org/packages/c7/21/705964c7812476f378728bdf590ca4b771ec72385c533964653c68e86bdc/pygments-2.19.2-py3-none-any.whl", hash = "sha256:86540386c03d588bb81d44bc3928634ff26449851e99741617ecb9037ee5ec0b", size = 1225217, upload-time = "2025-06-21T13:39:07.939Z" },
]

[[package]]
name = "pytest"
version = "8.4.1"
source = { registry = "https://pypi.org/simple" }
dependencies = [
    { name = "colorama", marker = "sys_platform == 'win32'" },
    { name = "iniconfig" },
    { name = "packaging" },
    { name = "pluggy" },
    { name = "pygments" },
]
sdist = { url = "https://files.pythonhosted.org/packages/08/ba/45911d754e8eba3d5a841a5ce61a65a685ff1798421ac054f85aa8747dfb/pytest-8.4.1.tar.gz", hash = "sha256:7c67fd69174877359ed9371ec3af8a3d2b04741818c51e5e99cc1742251fa93c", size = 1517714, upload-time = "2025-06-18T05:48:06.109Z" }
wheels = [
    { url = "https://files.pythonhosted.org/packages/29/16/c8a903f4c4dffe7a12843191437d7cd8e32751d5de349d45d3fe69544e87/pytest-8.4.1-py3-none-any.whl", hash = "sha256:539c70ba6fcead8e78eebbf1115e8b589e7565830d7d006a8723f19ac8a0afb7", size = 365474, upload-time = "2025-06-18T05:48:03.955Z" },
]

[[package]]
name = "tree-sitter"
version = "0.25.0"
source = { registry = "https://pypi.org/simple" }
sdist = { url = "https://files.pythonhosted.org/packages/98/21/e952c3180f0fd83d09cee9e0bc29f67827c659cee45077ae06eb7d813cfc/tree-sitter-0.25.0.tar.gz", hash = "sha256:15c88775cf24db06677bafe62df058a6457d8a6dde67baa48dd3723b905e79a6", size = 177740, upload-time = "2025-07-20T13:17:48.886Z" }
wheels = [
    { url = "https://files.pythonhosted.org/packages/c5/75/36a4726a09aeb0477ca4a45aba4abf9705642b871539005ca91ddd68faa3/tree_sitter-0.25.0-cp312-cp312-macosx_10_13_x86_64.whl", hash = "sha256:d9efacce0140ad74f97e027fb4ae693debff05f6246f3e024937f9500a0e874a", size = 147016, upload-time = "2025-07-20T13:17:33.921Z" },
    { url = "https://files.pythonhosted.org/packages/ff/5e/a549a21e459de94056cf48ca5e10e3774bc9b0460ffb3aec469a5f6001c0/tree_sitter-0.25.0-cp312-cp312-macosx_11_0_arm64.whl", hash = "sha256:82b4a5535107d2b8feee085edcafa89858faa4e1a98e94cfe1740c0ca8c28d84", size = 140832, upload-time = "2025-07-20T13:17:34.82Z" },
    { url = "https://files.pythonhosted.org/packages/d7/ed/7cc29a309e5f5cc209902c93589d29a4faeb656c7eecc1abd86842633b8f/tree_sitter-0.25.0-cp312-cp312-manylinux2014_aarch64.manylinux_2_17_aarch64.manylinux_2_28_aarch64.whl", hash = "sha256:c613372545490dfba3b3e7d934fda1156e3d16b27c0335c65a92f2b4fa6af5da", size = 617875, upload-time = "2025-07-20T13:17:35.693Z" },
    { url = "https://files.pythonhosted.org/packages/76/fc/43a61a35f021429d905ce272be9a9ea6dad6fe2c849782c53bd083a935cf/tree_sitter-0.25.0-cp312-cp312-manylinux2014_x86_64.manylinux_2_17_x86_64.manylinux_2_28_x86_64.whl", hash = "sha256:241a90c815a354594d3147012ce470cfc797695ab768e29198815e147ef3c165", size = 635857, upload-time = "2025-07-20T13:17:36.676Z" },
    { url = "https://files.pythonhosted.org/packages/9b/28/c9236c505e35b3aedb3c941a359a708c173cbedab8d843fec729bab81ed9/tree_sitter-0.25.0-cp312-cp312-musllinux_1_2_x86_64.whl", hash = "sha256:6f0b01b5068f1888af223021ba461480df28c76f39893c8113aae2154a2b81fd", size = 632649, upload-time = "2025-07-20T13:17:37.56Z" },
    { url = "https://files.pythonhosted.org/packages/13/d3/5dff82a02646619545c4e7c9b9ec87bc126f1937760228fcf2e91f5079c7/tree_sitter-0.25.0-cp312-cp312-win_amd64.whl", hash = "sha256:1807bd1dae1f50721d65b270e6ffa85de84234ae39f98f4da702db56c2627e23", size = 126785, upload-time = "2025-07-20T13:17:38.488Z" },
    { url = "https://files.pythonhosted.org/packages/71/61/4fffd405569d9c1551906766825da75a2d8f1c075be8994542d5d7ba7768/tree_sitter-0.25.0-cp312-cp312-win_arm64.whl", hash = "sha256:7848be6aeab5c1d62d649506d80d0e463727cb1bb55f423e88bf317db0be8d67", size = 113615, upload-time = "2025-07-20T13:17:39.965Z" },
    { url = "https://files.pythonhosted.org/packages/7a/fd/7578088dddec9b89b60d8dfea1901f3a5dff61b66d3c637c309b6209c8db/tree_sitter-0.25.0-cp313-cp313-macosx_10_13_x86_64.whl", hash = "sha256:689a19d51103f727a545ec9ba9cd377267445859838c38ec55d159dc57e82e8a", size = 147009, upload-time = "2025-07-20T13:17:41.038Z" },
    { url = "https://files.pythonhosted.org/packages/7a/3e/6e3dac18c119acf738174a19ce91d89b34f6ad1ca1c5dd57b245ae15c935/tree_sitter-0.25.0-cp313-cp313-macosx_11_0_arm64.whl", hash = "sha256:86288b218ef958dcafe40030d6d70c99baffaf808bd81b49de160f9724fc0ba4", size = 140828, upload-time = "2025-07-20T13:17:42.023Z" },
    { url = "https://files.pythonhosted.org/packages/fa/21/94d26f5d488d85bf5201280f82ce7de374ce30ed5d5469e57623d64ead9a/tree_sitter-0.25.0-cp313-cp313-manylinux2014_aarch64.manylinux_2_17_aarch64.manylinux_2_28_aarch64.whl", hash = "sha256:5241610319177ee2f68b8e719bf1e1b309155e126d9cd567ff84f20878d7e5d0", size = 618600, upload-time = "2025-07-20T13:17:43.203Z" },
    { url = "https://files.pythonhosted.org/packages/67/74/e852445871c0a82bfa5e3d16541e0ce6775ef458d3a8f03ab3737c661832/tree_sitter-0.25.0-cp313-cp313-manylinux2014_x86_64.manylinux_2_17_x86_64.manylinux_2_28_x86_64.whl", hash = "sha256:ae1553d652a54926f80dc0a42fba07db110bb1a3ebaf47d1c4c64f8d44dd8207", size = 636691, upload-time = "2025-07-20T13:17:44.382Z" },
    { url = "https://files.pythonhosted.org/packages/87/67/759afe10e0018aa3ca3269df0257228b2df120e3956171a3667b133f3100/tree_sitter-0.25.0-cp313-cp313-musllinux_1_2_x86_64.whl", hash = "sha256:ccac581551407a73a519b872553973598b69d3d237ffaf32408fb38ecb775484", size = 632730, upload-time = "2025-07-20T13:17:45.687Z" },
    { url = "https://files.pythonhosted.org/packages/8d/42/24a80dafdb32f1f7d16e3236f2ba8a2bc7b0e5c2a19c7b45f874f0980e90/tree_sitter-0.25.0-cp313-cp313-win_amd64.whl", hash = "sha256:d58e912869514ebb441b15c22a13a9c78f1b69be15f6a42b1d18e3f790e5d6ba", size = 126779, upload-time = "2025-07-20T13:17:46.943Z" },
    { url = "https://files.pythonhosted.org/packages/6f/2e/6af369e9d6deab9baaa60e2fa91acf82a68c63d835a2fe4f4265674ecc53/tree_sitter-0.25.0-cp313-cp313-win_arm64.whl", hash = "sha256:a1b8302161fa8da52cfafcd7575fa7d5806a9608a0b51c7a1fe45bfe70b62d46", size = 113623, upload-time = "2025-07-20T13:17:47.718Z" },
]

[[package]]
name = "tree-sitter-c-sharp"
version = "0.23.1"
source = { registry = "https://pypi.org/simple" }
sdist = { url = "https://files.pythonhosted.org/packages/22/85/a61c782afbb706a47d990eaee6977e7c2bd013771c5bf5c81c617684f286/tree_sitter_c_sharp-0.23.1.tar.gz", hash = "sha256:322e2cfd3a547a840375276b2aea3335fa6458aeac082f6c60fec3f745c967eb", size = 1317728, upload-time = "2024-11-11T05:25:32.535Z" }
wheels = [
    { url = "https://files.pythonhosted.org/packages/58/04/f6c2df4c53a588ccd88d50851155945cff8cd887bd70c175e00aaade7edf/tree_sitter_c_sharp-0.23.1-cp39-abi3-macosx_10_9_x86_64.whl", hash = "sha256:2b612a6e5bd17bb7fa2aab4bb6fc1fba45c94f09cb034ab332e45603b86e32fd", size = 372235, upload-time = "2024-11-11T05:25:19.424Z" },
    { url = "https://files.pythonhosted.org/packages/99/10/1aa9486f1e28fc22810fa92cbdc54e1051e7f5536a5e5b5e9695f609b31e/tree_sitter_c_sharp-0.23.1-cp39-abi3-macosx_11_0_arm64.whl", hash = "sha256:1a8b98f62bc53efcd4d971151950c9b9cd5cbe3bacdb0cd69fdccac63350d83e", size = 419046, upload-time = "2024-11-11T05:25:20.679Z" },
    { url = "https://files.pythonhosted.org/packages/0f/21/13df29f8fcb9ba9f209b7b413a4764b673dfd58989a0dd67e9c7e19e9c2e/tree_sitter_c_sharp-0.23.1-cp39-abi3-manylinux_2_17_aarch64.manylinux2014_aarch64.whl", hash = "sha256:986e93d845a438ec3c4416401aa98e6a6f6631d644bbbc2e43fcb915c51d255d", size = 415999, upload-time = "2024-11-11T05:25:22.359Z" },
    { url = "https://files.pythonhosted.org/packages/ca/72/fc6846795bcdae2f8aa94cc8b1d1af33d634e08be63e294ff0d6794b1efc/tree_sitter_c_sharp-0.23.1-cp39-abi3-manylinux_2_5_x86_64.manylinux1_x86_64.manylinux_2_17_x86_64.manylinux2014_x86_64.whl", hash = "sha256:a8024e466b2f5611c6dc90321f232d8584893c7fb88b75e4a831992f877616d2", size = 402830, upload-time = "2024-11-11T05:25:24.198Z" },
    { url = "https://files.pythonhosted.org/packages/fe/3a/b6028c5890ce6653807d5fa88c72232c027c6ceb480dbeb3b186d60e5971/tree_sitter_c_sharp-0.23.1-cp39-abi3-musllinux_1_2_x86_64.whl", hash = "sha256:7f9bf876866835492281d336b9e1f9626ab668737f74e914c31d285261507da7", size = 397880, upload-time = "2024-11-11T05:25:25.937Z" },
    { url = "https://files.pythonhosted.org/packages/47/d2/4facaa34b40f8104d8751746d0e1cd2ddf0beb9f1404b736b97f372bd1f3/tree_sitter_c_sharp-0.23.1-cp39-abi3-win_amd64.whl", hash = "sha256:ae9a9e859e8f44e2b07578d44f9a220d3fa25b688966708af6aa55d42abeebb3", size = 377562, upload-time = "2024-11-11T05:25:27.539Z" },
    { url = "https://files.pythonhosted.org/packages/d8/88/3cf6bd9959d94d1fec1e6a9c530c5f08ff4115a474f62aedb5fedb0f7241/tree_sitter_c_sharp-0.23.1-cp39-abi3-win_arm64.whl", hash = "sha256:c81548347a93347be4f48cb63ec7d60ef4b0efa91313330e69641e49aa5a08c5", size = 375157, upload-time = "2024-11-11T05:25:30.839Z" },
]

[[package]]
name = "tree-sitter-embedded-template"
version = "0.23.2"
source = { registry = "https://pypi.org/simple" }
sdist = { url = "https://files.pythonhosted.org/packages/28/d6/5a58ea2f0480f5ed188b733114a8c275532a2fd1568b3898793b13d28af5/tree_sitter_embedded_template-0.23.2.tar.gz", hash = "sha256:7b24dcf2e92497f54323e617564d36866230a8bfb719dbb7b45b461510dcddaa", size = 8471, upload-time = "2024-11-11T06:54:05.5Z" }
wheels = [
    { url = "https://files.pythonhosted.org/packages/ef/c1/be0c48ed9609b720e74ade86f24ea086e353fe9c7405ee9630c3d52d09a2/tree_sitter_embedded_template-0.23.2-cp39-abi3-macosx_10_9_x86_64.whl", hash = "sha256:a505c2d2494464029d79db541cab52f6da5fb326bf3d355e69bf98b84eb89ae0", size = 9554, upload-time = "2024-11-11T06:53:58Z" },
    { url = "https://files.pythonhosted.org/packages/6d/a5/7c12f5d302525ee36d1eafc28a68e4454da5bad208436d547326bee4ed76/tree_sitter_embedded_template-0.23.2-cp39-abi3-macosx_11_0_arm64.whl", hash = "sha256:28028b93b42cc3753261ae7ce066675d407f59de512417524f9c3ab7792b1d37", size = 10051, upload-time = "2024-11-11T06:53:59.346Z" },
    { url = "https://files.pythonhosted.org/packages/cd/87/95aaba8b64b849200bd7d4ae510cc394ecaef46a031499cbff301766970d/tree_sitter_embedded_template-0.23.2-cp39-abi3-manylinux_2_17_aarch64.manylinux2014_aarch64.whl", hash = "sha256:ec399d59ce93ffb60759a2d96053eed529f3c3f6a27128f261710d0d0de60e10", size = 17532, upload-time = "2024-11-11T06:54:00.053Z" },
    { url = "https://files.pythonhosted.org/packages/13/f8/8c837b898f00b35f9f3f76a4abc525e80866a69343083c9ff329e17ecb03/tree_sitter_embedded_template-0.23.2-cp39-abi3-manylinux_2_5_x86_64.manylinux1_x86_64.manylinux_2_17_x86_64.manylinux2014_x86_64.whl", hash = "sha256:bcfa01f62b88d50dbcb736cc23baec8ddbfe08daacfdc613eee8c04ab65efd09", size = 17394, upload-time = "2024-11-11T06:54:00.841Z" },
    { url = "https://files.pythonhosted.org/packages/89/9b/893adf9e465d2d7f14870871bf2f3b30045e5ac417cb596f667a72eda493/tree_sitter_embedded_template-0.23.2-cp39-abi3-musllinux_1_2_x86_64.whl", hash = "sha256:6debd24791466f887109a433c31aa4a5deeba2b217817521c745a4e748a944ed", size = 16439, upload-time = "2024-11-11T06:54:02.214Z" },
    { url = "https://files.pythonhosted.org/packages/40/96/e79934572723673db9f867000500c6eea61a37705e02c7aee9ee031bbb6f/tree_sitter_embedded_template-0.23.2-cp39-abi3-win_amd64.whl", hash = "sha256:158fecb38be5b15db0190ef7238e5248f24bf32ae3cab93bc1197e293a5641eb", size = 12572, upload-time = "2024-11-11T06:54:03.481Z" },
    { url = "https://files.pythonhosted.org/packages/63/06/27f678b9874e4e2e39ddc6f5cce3374c8c60e6046ea8588a491ab6fc9fcb/tree_sitter_embedded_template-0.23.2-cp39-abi3-win_arm64.whl", hash = "sha256:9f1f3b79fe273f3d15a5b64c85fc6ebfb48decfbe8542accd05f5b7694860df0", size = 11232, upload-time = "2024-11-11T06:54:04.799Z" },
]

[[package]]
name = "tree-sitter-language-pack"
version = "0.9.0"
source = { registry = "https://pypi.org/simple" }
dependencies = [
    { name = "tree-sitter" },
    { name = "tree-sitter-c-sharp" },
    { name = "tree-sitter-embedded-template" },
    { name = "tree-sitter-yaml" },
]
sdist = { url = "https://files.pythonhosted.org/packages/bf/3f/8725bf725969681b9ab862eef80b2c4f97d6983286a57dddbe6b8bc41d9b/tree_sitter_language_pack-0.9.0.tar.gz", hash = "sha256:900eb3bd82c1bcf5cf20ed852b1b6fdc7eae89e40a860fa5e221a796687c359a", size = 46642261, upload-time = "2025-07-08T06:53:59.624Z" }
wheels = [
    { url = "https://files.pythonhosted.org/packages/bc/62/df6edf2c14e2ffd00fc14cdea2d917e724bea10a85a163cf77e4fe28162c/tree_sitter_language_pack-0.9.0-cp39-abi3-macosx_10_13_universal2.whl", hash = "sha256:da4a643618148d6ca62343c8457bfc472e7d122503d97fac237f06acbbd8aa33", size = 30139786, upload-time = "2025-07-08T06:53:47.181Z" },
    { url = "https://files.pythonhosted.org/packages/28/50/5ff123e9e1e73e00c4f262e5d16f4928d43ea82bf80b9ca82ecf250ceeaa/tree_sitter_language_pack-0.9.0-cp39-abi3-manylinux2014_aarch64.whl", hash = "sha256:2f1db4abded09ba0cb7a2358b4f3a2937fe9bfd4fdd4b4ad9e89a0c283e1329f", size = 18650360, upload-time = "2025-07-08T06:53:50.442Z" },
    { url = "https://files.pythonhosted.org/packages/da/a0/485128abc18bbb7d78a2dd0c6487315a71b609877778a9796968f43f36d9/tree_sitter_language_pack-0.9.0-cp39-abi3-manylinux2014_x86_64.whl", hash = "sha256:5922afd7c2a2e632c4c69af10982b6017fd00ced70630c5f9e5d7c0d7d311b27", size = 18504901, upload-time = "2025-07-08T06:53:52.967Z" },
    { url = "https://files.pythonhosted.org/packages/12/c3/a24133447602bd220fea895395896c50b5ef7feebfcafa6dabf5a460fd80/tree_sitter_language_pack-0.9.0-cp39-abi3-win_amd64.whl", hash = "sha256:b3542ddaa1505716bc5b761e1aa718eafe64df988d700da62637cee501ac260f", size = 15279483, upload-time = "2025-07-08T06:53:56.108Z" },
]

[[package]]
name = "tree-sitter-yaml"
version = "0.7.1"
source = { registry = "https://pypi.org/simple" }
sdist = { url = "https://files.pythonhosted.org/packages/0b/d0/97899f366e3d982ad92dd83faa2b1dd0060e5db99990e0d7f660902493f8/tree_sitter_yaml-0.7.1.tar.gz", hash = "sha256:2cea5f8d4ca4d10439bd7d9e458c61b330cb33cf7a92e4ef1d428e10e1ab7e2c", size = 91533, upload-time = "2025-05-22T13:34:57.257Z" }
wheels = [
    { url = "https://files.pythonhosted.org/packages/3f/7e/83a40de4315b8f9975d3fd562071bda8fa1dfc088b3359d048003f174fd0/tree_sitter_yaml-0.7.1-cp310-abi3-macosx_10_9_x86_64.whl", hash = "sha256:0256632914d6eb21819f21a85bab649505496ac01fac940eb08a410669346822", size = 43788, upload-time = "2025-05-22T13:34:49.261Z" },
    { url = "https://files.pythonhosted.org/packages/ca/05/760b38e31f9ca1e8667cf82a07119956dcb865728f7d777a22f5ddf296c6/tree_sitter_yaml-0.7.1-cp310-abi3-macosx_11_0_arm64.whl", hash = "sha256:bf9dd2649392e1f28a20f920f49acd9398cfb872876e338aa84562f8f868dc4d", size = 45001, upload-time = "2025-05-22T13:34:50.397Z" },
    { url = "https://files.pythonhosted.org/packages/88/e9/6d8d502eeb96fb363c1ac926ac456afc55019836fc675263fd23754dfdc6/tree_sitter_yaml-0.7.1-cp310-abi3-manylinux_2_17_aarch64.manylinux2014_aarch64.whl", hash = "sha256:94eb8fcb1ac8e43f7da47e63880b6f283524460153f08420a167c1721e42b08a", size = 93852, upload-time = "2025-05-22T13:34:51.728Z" },
    { url = "https://files.pythonhosted.org/packages/85/ef/b84bc6aaaa08022b4cc1d36212e837ce051306d50dd62993ffc21c9bf4ab/tree_sitter_yaml-0.7.1-cp310-abi3-manylinux_2_5_x86_64.manylinux1_x86_64.manylinux_2_17_x86_64.manylinux2014_x86_64.whl", hash = "sha256:30410089828ebdece9abf3aa16b2e172b84cf2fd90a2b7d8022f6ed8cde90ecb", size = 92125, upload-time = "2025-05-22T13:34:52.731Z" },
    { url = "https://files.pythonhosted.org/packages/16/0c/5caa26da012c93da1eadf66c6babb1b1e2e8dd4434668c7232739df87e46/tree_sitter_yaml-0.7.1-cp310-abi3-musllinux_1_2_x86_64.whl", hash = "sha256:219af34f4b35b5c16f25426cc3f90cf725fbba17c9592f78504086e67787be09", size = 90443, upload-time = "2025-05-22T13:34:53.626Z" },
    { url = "https://files.pythonhosted.org/packages/92/25/a14297ea2a575bc3c19fcf58a5983a926ad732c32af23a346d7fa0563d8d/tree_sitter_yaml-0.7.1-cp310-abi3-win_amd64.whl", hash = "sha256:550645223d68b7d6b4cfedf4972754724e64d369ec321fa33f57d3ca54cafc7c", size = 45517, upload-time = "2025-05-22T13:34:54.545Z" },
    { url = "https://files.pythonhosted.org/packages/62/fa/b25e688df5b4e024bc3627bc3f951524ef9c8b0756f0646411efa5063a10/tree_sitter_yaml-0.7.1-cp310-abi3-win_arm64.whl", hash = "sha256:298ade69ad61f76bb3e50ced809650ec30521a51aa2708166b176419ccb0a6ba", size = 43801, upload-time = "2025-05-22T13:34:55.471Z" },
]
